
Microsoft Visual Studio Solution File, Format Version 12.00
# Visual Studio Version 17
VisualStudioVersion = 17.4.33403.182
MinimumVisualStudioVersion = 10.0.40219.1
Project("{9A19103F-16F7-4668-BE54-9A1E7A4F7556}") = "PieShop.HRM", "PieShop.HRM\PieShop.HRM.csproj", "{04F8F6CA-AAAE-4B9C-B8EB-2F0741258A39}"
EndProject
Project("{9A19103F-16F7-4668-BE54-9A1E7A4F7556}") = "PieShop.HRM.Api", "PieShop.HRM.Api\PieShop.HRM.Api.csproj", "{AB7F048E-0CA3-46AA-B329-6CAB56EE4A4A}"
EndProject
Project("{9A19103F-16F7-4668-BE54-9A1E7A4F7556}") = "PieShop.HRM.Models", "PieShop.HRM.Models\PieShop.HRM.Models.csproj", "{725C7CD8-CEDD-41B4-B5A7-AC337D5CA7EA}"
EndProject
Project("{9A19103F-16F7-4668-BE54-9A1E7A4F7556}") = "PieShop.HRM.Services", "PieShop.HRM.Services\PieShop.HRM.Services.csproj", "{ADB67BBD-D301-484F-AC9E-679990B75252}"
EndProject
Project("{FAE04EC0-301F-11D3-BF4B-00C04F79EFBC}") = "PieShop.HRM.ComponentLibrary", "PieShop.HRM.ComponentLibrary\PieShop.HRM.ComponentLibrary.csproj", "{9939A00C-EF24-4EB3-9DD2-973923664A41}"
EndProject
Global
	GlobalSection(SolutionConfigurationPlatforms) = preSolution
		Debug|Any CPU = Debug|Any CPU
		Release|Any CPU = Release|Any CPU
	EndGlobalSection
	GlobalSection(ProjectConfigurationPlatforms) = postSolution
		{04F8F6CA-AAAE-4B9C-B8EB-2F0741258A39}.Debug|Any CPU.ActiveCfg = Debug|Any CPU
		{04F8F6CA-AAAE-4B9C-B8EB-2F0741258A39}.Debug|Any CPU.Build.0 = Debug|Any CPU
		{04F8F6CA-AAAE-4B9C-B8EB-2F0741258A39}.Release|Any CPU.ActiveCfg = Release|Any CPU
		{04F8F6CA-AAAE-4B9C-B8EB-2F0741258A39}.Release|Any CPU.Build.0 = Release|Any CPU
		{AB7F048E-0CA3-46AA-B329-6CAB56EE4A4A}.Debug|Any CPU.ActiveCfg = Debug|Any CPU
		{AB7F048E-0CA3-46AA-B329-6CAB56EE4A4A}.Debug|Any CPU.Build.0 = Debug|Any CPU
		{AB7F048E-0CA3-46AA-B329-6CAB56EE4A4A}.Release|Any CPU.ActiveCfg = Release|Any CPU
		{AB7F048E-0CA3-46AA-B329-6CAB56EE4A4A}.Release|Any CPU.Build.0 = Release|Any CPU
		{725C7CD8-CEDD-41B4-B5A7-AC337D5CA7EA}.Debug|Any CPU.ActiveCfg = Debug|Any CPU
		{725C7CD8-CEDD-41B4-B5A7-AC337D5CA7EA}.Debug|Any CPU.Build.0 = Debug|Any CPU
		{725C7CD8-CEDD-41B4-B5A7-AC337D5CA7EA}.Release|Any CPU.ActiveCfg = Release|Any CPU
		{725C7CD8-CEDD-41B4-B5A7-AC337D5CA7EA}.Release|Any CPU.Build.0 = Release|Any CPU
		{ADB67BBD-D301-484F-AC9E-679990B75252}.Debug|Any CPU.ActiveCfg = Debug|Any CPU
		{ADB67BBD-D301-484F-AC9E-679990B75252}.Debug|Any CPU.Build.0 = Debug|Any CPU
		{ADB67BBD-D301-484F-AC9E-679990B75252}.Release|Any CPU.ActiveCfg = Release|Any CPU
		{ADB67BBD-D301-484F-AC9E-679990B75252}.Release|Any CPU.Build.0 = Release|Any CPU
		{9939A00C-EF24-4EB3-9DD2-973923664A41}.Debug|Any CPU.ActiveCfg = Debug|Any CPU
		{9939A00C-EF24-4EB3-9DD2-973923664A41}.Debug|Any CPU.Build.0 = Debug|Any CPU
		{9939A00C-EF24-4EB3-9DD2-973923664A41}.Release|Any CPU.ActiveCfg = Release|Any CPU
		{9939A00C-EF24-4EB3-9DD2-973923664A41}.Release|Any CPU.Build.0 = Release|Any CPU
	EndGlobalSection
	GlobalSection(SolutionProperties) = preSolution
		HideSolutionNode = FALSE
	EndGlobalSection
	GlobalSection(ExtensibilityGlobals) = postSolution
		SolutionGuid = {60CE1B12-801A-479A-9435-ED89EF14E4D6}
	EndGlobalSection
EndGlobal
